
Microsoft Visual Studio Solution File, Format Version 12.00
# Visual Studio 14
VisualStudioVersion = 14.0.25420.1
MinimumVisualStudioVersion = 10.0.40219.1
Project("{FAE04EC0-301F-11D3-BF4B-00C04F79EFBC}") = "MaaAahwanam.Utility", "MaaAahwanam.Utility\MaaAahwanam.Utility.csproj", "{4C881A69-1323-4BD4-AFCD-7B7D20CFD2F8}"
EndProject
Project("{FAE04EC0-301F-11D3-BF4B-00C04F79EFBC}") = "MaaAahwanam.Models", "MaaAahwanam.Models\MaaAahwanam.Models.csproj", "{DEBE23E4-7447-4922-A3AD-11BAC6B9E260}"
EndProject
Project("{FAE04EC0-301F-11D3-BF4B-00C04F79EFBC}") = "MaaAahwanam.Web", "MaaAahwanam.Web\MaaAahwanam.Web.csproj", "{AD10228F-9B65-4F6D-99B4-C336DDF7937A}"
EndProject
Project("{2150E333-8FDC-42A3-9474-1A3956D46DE8}") = "API", "API", "{02E1E573-FFF7-4B85-A16E-5F96F0847937}"
EndProject
Project("{FAE04EC0-301F-11D3-BF4B-00C04F79EFBC}") = "Core.Model", "Core.Model\Core.Model.csproj", "{B725802E-C849-4118-A7F5-6F4890EC638A}"
EndProject
Project("{FAE04EC0-301F-11D3-BF4B-00C04F79EFBC}") = "Core.Repository", "Core.Repository\Core.Repository.csproj", "{25AEB44C-B66A-4154-88D7-A36D5D6F7716}"
EndProject
Project("{FAE04EC0-301F-11D3-BF4B-00C04F79EFBC}") = "Core.Service", "Core.Service\Core.Service.csproj", "{9B04F529-AFFC-4D86-809E-9CFF26517DC4}"
EndProject
Project("{FAE04EC0-301F-11D3-BF4B-00C04F79EFBC}") = "Core.API", "Core.API\Core.API.csproj", "{ED2B9294-B58B-4395-A078-17405775B28D}"
EndProject
Project("{2150E333-8FDC-42A3-9474-1A3956D46DE8}") = "UI", "UI", "{FF88D3C5-93C1-4599-9441-358454938059}"
EndProject
Project("{FAE04EC0-301F-11D3-BF4B-00C04F79EFBC}") = "Portal", "Portal\Portal.csproj", "{04F546D0-1F5A-442B-ABC7-8CFC315E96BD}"
EndProject
Project("{FAE04EC0-301F-11D3-BF4B-00C04F79EFBC}") = "Portal.Model", "Portal.Model\Portal.Model.csproj", "{46D9F7F0-377B-44A7-8EBF-BD17EFAF2406}"
EndProject
Project("{FAE04EC0-301F-11D3-BF4B-00C04F79EFBC}") = "Portal.Repository", "Portal.Repository\Portal.Repository.csproj", "{D3109E37-02A6-41F0-97DF-1FE8A3568830}"
EndProject
Project("{FAE04EC0-301F-11D3-BF4B-00C04F79EFBC}") = "Portal.Service", "Portal.Service\Portal.Service.csproj", "{49E05FAA-68F5-4FD2-B1ED-700CB7990EE7}"
EndProject
Project("{FAE04EC0-301F-11D3-BF4B-00C04F79EFBC}") = "MaaAahwanam.Repository", "MaaAahwanam.Repository\MaaAahwanam.Repository.csproj", "{8B73DD55-1B19-4FAC-98AB-432D5AF2E66C}"
EndProject
Project("{FAE04EC0-301F-11D3-BF4B-00C04F79EFBC}") = "MaaAahwanam.Service", "MaaAahwanam.Service\MaaAahwanam.Service.csproj", "{2B99AE8A-A891-4106-96DE-56A380870BE3}"
EndProject
Global
	GlobalSection(SolutionConfigurationPlatforms) = preSolution
		Debug|Any CPU = Debug|Any CPU
		Release|Any CPU = Release|Any CPU
	EndGlobalSection
	GlobalSection(ProjectConfigurationPlatforms) = postSolution
		{4C881A69-1323-4BD4-AFCD-7B7D20CFD2F8}.Debug|Any CPU.ActiveCfg = Debug|Any CPU
		{4C881A69-1323-4BD4-AFCD-7B7D20CFD2F8}.Debug|Any CPU.Build.0 = Debug|Any CPU
		{4C881A69-1323-4BD4-AFCD-7B7D20CFD2F8}.Release|Any CPU.ActiveCfg = Release|Any CPU
		{4C881A69-1323-4BD4-AFCD-7B7D20CFD2F8}.Release|Any CPU.Build.0 = Release|Any CPU
		{DEBE23E4-7447-4922-A3AD-11BAC6B9E260}.Debug|Any CPU.ActiveCfg = Debug|Any CPU
		{DEBE23E4-7447-4922-A3AD-11BAC6B9E260}.Debug|Any CPU.Build.0 = Debug|Any CPU
		{DEBE23E4-7447-4922-A3AD-11BAC6B9E260}.Release|Any CPU.ActiveCfg = Release|Any CPU
		{DEBE23E4-7447-4922-A3AD-11BAC6B9E260}.Release|Any CPU.Build.0 = Release|Any CPU
		{AD10228F-9B65-4F6D-99B4-C336DDF7937A}.Debug|Any CPU.ActiveCfg = Debug|Any CPU
		{AD10228F-9B65-4F6D-99B4-C336DDF7937A}.Debug|Any CPU.Build.0 = Debug|Any CPU
		{AD10228F-9B65-4F6D-99B4-C336DDF7937A}.Release|Any CPU.ActiveCfg = Release|Any CPU
		{AD10228F-9B65-4F6D-99B4-C336DDF7937A}.Release|Any CPU.Build.0 = Release|Any CPU
		{B725802E-C849-4118-A7F5-6F4890EC638A}.Debug|Any CPU.ActiveCfg = Debug|Any CPU
		{B725802E-C849-4118-A7F5-6F4890EC638A}.Debug|Any CPU.Build.0 = Debug|Any CPU
		{B725802E-C849-4118-A7F5-6F4890EC638A}.Release|Any CPU.ActiveCfg = Release|Any CPU
		{B725802E-C849-4118-A7F5-6F4890EC638A}.Release|Any CPU.Build.0 = Release|Any CPU
		{25AEB44C-B66A-4154-88D7-A36D5D6F7716}.Debug|Any CPU.ActiveCfg = Debug|Any CPU
		{25AEB44C-B66A-4154-88D7-A36D5D6F7716}.Debug|Any CPU.Build.0 = Debug|Any CPU
		{25AEB44C-B66A-4154-88D7-A36D5D6F7716}.Release|Any CPU.ActiveCfg = Release|Any CPU
		{25AEB44C-B66A-4154-88D7-A36D5D6F7716}.Release|Any CPU.Build.0 = Release|Any CPU
		{9B04F529-AFFC-4D86-809E-9CFF26517DC4}.Debug|Any CPU.ActiveCfg = Debug|Any CPU
		{9B04F529-AFFC-4D86-809E-9CFF26517DC4}.Debug|Any CPU.Build.0 = Debug|Any CPU
		{9B04F529-AFFC-4D86-809E-9CFF26517DC4}.Release|Any CPU.ActiveCfg = Release|Any CPU
		{9B04F529-AFFC-4D86-809E-9CFF26517DC4}.Release|Any CPU.Build.0 = Release|Any CPU
		{ED2B9294-B58B-4395-A078-17405775B28D}.Debug|Any CPU.ActiveCfg = Debug|Any CPU
		{ED2B9294-B58B-4395-A078-17405775B28D}.Debug|Any CPU.Build.0 = Debug|Any CPU
		{ED2B9294-B58B-4395-A078-17405775B28D}.Release|Any CPU.ActiveCfg = Release|Any CPU
		{ED2B9294-B58B-4395-A078-17405775B28D}.Release|Any CPU.Build.0 = Release|Any CPU
		{04F546D0-1F5A-442B-ABC7-8CFC315E96BD}.Debug|Any CPU.ActiveCfg = Debug|Any CPU
		{04F546D0-1F5A-442B-ABC7-8CFC315E96BD}.Debug|Any CPU.Build.0 = Debug|Any CPU
		{04F546D0-1F5A-442B-ABC7-8CFC315E96BD}.Release|Any CPU.ActiveCfg = Release|Any CPU
		{04F546D0-1F5A-442B-ABC7-8CFC315E96BD}.Release|Any CPU.Build.0 = Release|Any CPU
		{46D9F7F0-377B-44A7-8EBF-BD17EFAF2406}.Debug|Any CPU.ActiveCfg = Debug|Any CPU
		{46D9F7F0-377B-44A7-8EBF-BD17EFAF2406}.Debug|Any CPU.Build.0 = Debug|Any CPU
		{46D9F7F0-377B-44A7-8EBF-BD17EFAF2406}.Release|Any CPU.ActiveCfg = Release|Any CPU
		{46D9F7F0-377B-44A7-8EBF-BD17EFAF2406}.Release|Any CPU.Build.0 = Release|Any CPU
		{D3109E37-02A6-41F0-97DF-1FE8A3568830}.Debug|Any CPU.ActiveCfg = Debug|Any CPU
		{D3109E37-02A6-41F0-97DF-1FE8A3568830}.Debug|Any CPU.Build.0 = Debug|Any CPU
		{D3109E37-02A6-41F0-97DF-1FE8A3568830}.Release|Any CPU.ActiveCfg = Release|Any CPU
		{D3109E37-02A6-41F0-97DF-1FE8A3568830}.Release|Any CPU.Build.0 = Release|Any CPU
		{49E05FAA-68F5-4FD2-B1ED-700CB7990EE7}.Debug|Any CPU.ActiveCfg = Debug|Any CPU
		{49E05FAA-68F5-4FD2-B1ED-700CB7990EE7}.Debug|Any CPU.Build.0 = Debug|Any CPU
		{49E05FAA-68F5-4FD2-B1ED-700CB7990EE7}.Release|Any CPU.ActiveCfg = Release|Any CPU
		{49E05FAA-68F5-4FD2-B1ED-700CB7990EE7}.Release|Any CPU.Build.0 = Release|Any CPU
		{8B73DD55-1B19-4FAC-98AB-432D5AF2E66C}.Debug|Any CPU.ActiveCfg = Debug|Any CPU
		{8B73DD55-1B19-4FAC-98AB-432D5AF2E66C}.Debug|Any CPU.Build.0 = Debug|Any CPU
		{8B73DD55-1B19-4FAC-98AB-432D5AF2E66C}.Release|Any CPU.ActiveCfg = Release|Any CPU
		{8B73DD55-1B19-4FAC-98AB-432D5AF2E66C}.Release|Any CPU.Build.0 = Release|Any CPU
		{2B99AE8A-A891-4106-96DE-56A380870BE3}.Debug|Any CPU.ActiveCfg = Debug|Any CPU
		{2B99AE8A-A891-4106-96DE-56A380870BE3}.Debug|Any CPU.Build.0 = Debug|Any CPU
		{2B99AE8A-A891-4106-96DE-56A380870BE3}.Release|Any CPU.ActiveCfg = Release|Any CPU
		{2B99AE8A-A891-4106-96DE-56A380870BE3}.Release|Any CPU.Build.0 = Release|Any CPU
	EndGlobalSection
	GlobalSection(SolutionProperties) = preSolution
		HideSolutionNode = FALSE
	EndGlobalSection
	GlobalSection(NestedProjects) = preSolution
		{B725802E-C849-4118-A7F5-6F4890EC638A} = {02E1E573-FFF7-4B85-A16E-5F96F0847937}
		{25AEB44C-B66A-4154-88D7-A36D5D6F7716} = {02E1E573-FFF7-4B85-A16E-5F96F0847937}
		{9B04F529-AFFC-4D86-809E-9CFF26517DC4} = {02E1E573-FFF7-4B85-A16E-5F96F0847937}
		{ED2B9294-B58B-4395-A078-17405775B28D} = {02E1E573-FFF7-4B85-A16E-5F96F0847937}
		{04F546D0-1F5A-442B-ABC7-8CFC315E96BD} = {FF88D3C5-93C1-4599-9441-358454938059}
		{46D9F7F0-377B-44A7-8EBF-BD17EFAF2406} = {FF88D3C5-93C1-4599-9441-358454938059}
		{D3109E37-02A6-41F0-97DF-1FE8A3568830} = {FF88D3C5-93C1-4599-9441-358454938059}
		{49E05FAA-68F5-4FD2-B1ED-700CB7990EE7} = {FF88D3C5-93C1-4599-9441-358454938059}
	EndGlobalSection
EndGlobal
